github.com/QTraffics/qtfra v0.0.1 h1:j8MP3dgs21BlAzfOVJf1lnTKlpOZgl5xiriDU8lULQg=
github.com/QTraffics/qtfra v0.0.1/go.mod h1:SGS50HNaJzREEdY9okDoW0Q/0i2x2GaKXwk0keSzfxw=
github.com/cespare/xxhash/v2 v2.3.0 h1:UL815xU9SqsFlibzuggzjXhog7bL6oX9BbNZnL2UFvs=
github.com/cespare/xxhash/v2 v2.3.0/go.mod h1:VGX0DQ3Q6kWi7AoAeZDth3/j3BFtOZR5XLFGgcrjCOs=
github.com/elastic/go-freelru v0.16.0 h1:gG2HJ1WXN2tNl5/p40JS/l59HjvjRhjyAa+oFTRArYs=
github.com/elastic/go-freelru v0.16.0/go.mod h1:bSdWT4M0lW79K8QbX6XY2heQYSCqD7THoYf82pT/H3I=
github.com/google/go-cmp v0.7.0 h1:wk8382ETsv4JYUZwIsn6YpYiWiBsYLSJiTsyBybVuN8=
github.com/google/go-cmp v0.7.0/go.mod h1:pXiqmnSA92OHEEa9HXL2W4E7lf9JzCmGVUdgjX3N/iU=
github.com/logrusorgru/aurora v2.0.3+incompatible h1:tOpm7WcpBTn4fjmVfgpQq0EfczGlG91VSDkswnjF5A8=
github.com/logrusorgru/aurora v2.0.3+incompatible/go.mod h1:7rIyQOR62GCctdiQpZ/zOJlFyk6y+94wXzv6RNZgaR4=
github.com/metacubex/tfo-go v0.0.0-20251024101424-368b42b59148 h1:Zd0QqciLIhv9MKbGKTPEgN8WUFsgQGA1WJBy6spEnVU=
github.com/metacubex/tfo-go v0.0.0-20251024101424-368b42b59148/go.mod h1:l9oLnLoEXyGZ5RVLsh7QCC5XsouTUyKk4F2nLm2DHLw=
github.com/miekg/dns v1.1.68 h1:jsSRkNozw7G/mnmXULynzMNIsgY2dHC8LO6U6Ij2JEA=
github.com/miekg/dns v1.1.68/go.mod h1:fujopn7TB3Pu3JM69XaawiU0wqjpL9/8xGop5UrTPps=
github.com/qtraffics/qtfra v0.0.2 h1:vzpdNYo1xxc6xL0bil0eFD0T6szvSIMLdTTTPqPymvA=
github.com/qtraffics/qtfra v0.0.2/go.mod h1:zChs4SFvvOs1oTdKGP8bv47qYqTcNljLD5CYZIMt1xY=
github.com/qtraffics/qtfra v0.0.5 h1:8YRCxr9VqzKsdZ5Q9enyL0CiKMgcjZicXkEfPyAn+BY=
github.com/qtraffics/qtfra v0.0.5/go.mod h1:T6nKWFjs/+AmehUucm+bX5HbzVbOcPv3NMdIOpFwWR4=
golang.org/x/mod v0.25.0 h1:n7a+ZbQKQA/Ysbyb0/6IbB1H/X41mKgbhfv7AfG/44w=
golang.org/x/mod v0.25.0/go.mod h1:IXM97Txy2VM4PJ3gI61r1YEk/gAj6zAHN3AdZt6S9Ww=
golang.org/x/net v0.42.0 h1:jzkYrhi3YQWD6MLBJcsklgQsoAcw89EcZbJw8Z614hs=
golang.org/x/net v0.42.0/go.mod h1:FF1RA5d3u7nAYA4z2TkclSCKh68eSXtiFwcWQpPXdt8=
golang.org/x/sync v0.16.0 h1:ycBJEhp9p4vXvUZNszeOq0kGTPghopOL8q0fq3vstxw=
golang.org/x/sync v0.16.0/go.mod h1:1dzgHSNfp02xaA81J2MS99Qcpr2w7fw1gpm99rleRqA=
golang.org/x/sys v0.37.0 h1:fdNQudmxPjkdUTPnLn5mdQv7Zwvbvpaxqs831goi9kQ=
golang.org/x/sys v0.37.0/go.mod h1:OgkHotnGiDImocRcuBABYBEXf8A9a87e/uXjp9XT3ks=
golang.org/x/tools v0.34.0 h1:qIpSLOxeCYGg9TrcJokLBG4KFA6d795g0xkBkiESGlo=
golang.org/x/tools v0.34.0/go.mod h1:pAP9OwEaY1CAW3HOmg3hLZC5Z0CCmzjAF2UQMSqNARg=
google.golang.org/grpc v1.76.0 h1:UnVkv1+uMLYXoIz6o7chp59WfQUYA2ex/BXQ9rHZu7A=
google.golang.org/grpc v1.76.0/go.mod h1:Ju12QI8M6iQJtbcsV+awF5a4hfJMLi4X0JLo94ULZ6c=
